Microsoft Visual Studio Solution File, Format Version 12.00
# Visual Studio Version 17
VisualStudioVersion = 17.14.36511.14 d17.14
MinimumVisualStudioVersion = 10.0.40219.1
Project("{2150E333-8FDC-42A3-9474-1A3956D46DE8}") = "src", "src", "{02EA681E-C7D8-13C7-8484-4AC65E1B71E8}"
EndProject
Project("{2150E333-8FDC-42A3-9474-1A3956D46DE8}") = "Solution Items", "Solution Items", "{1228850D-ACAF-4AC8-8D8D-EAA572FDA42E}"
	ProjectSection(SolutionItems) = preProject
		.dockerignore = .dockerignore
		.gitignore = .gitignore
	EndProjectSection
EndProject
Project("{FAE04EC0-301F-11D3-BF4B-00C04F79EFBC}") = "AppTemplate.Application", "src\AppTemplate.Application\AppTemplate.Application.csproj", "{093D40C3-EF38-4E93-2141-8D4699F2D2EB}"
EndProject
Project("{FAE04EC0-301F-11D3-BF4B-00C04F79EFBC}") = "AppTemplate.Domain", "src\AppTemplate.Domain\AppTemplate.Domain.csproj", "{22610F1F-C89D-B94A-4222-7D4EB97EBE65}"
EndProject
Project("{FAE04EC0-301F-11D3-BF4B-00C04F79EFBC}") = "AppTemplate.Infrastructure", "src\AppTemplate.Infrastructure\AppTemplate.Infrastructure.csproj", "{59B868C9-B1B4-1709-2324-7EA16C072AA6}"
EndProject
Project("{FAE04EC0-301F-11D3-BF4B-00C04F79EFBC}") = "AppTemplate.Web", "src\AppTemplate.Web\AppTemplate.Web.csproj", "{1D5646F2-7658-9368-9EAD-696E92EDE978}"
EndProject
Project("{2150E333-8FDC-42A3-9474-1A3956D46DE8}") = "tests", "tests", "{E7583D73-C9C3-40F5-8584-45FAAFB27786}"
EndProject
Project("{2150E333-8FDC-42A3-9474-1A3956D46DE8}") = "unit", "unit", "{5351E341-A04E-4458-9D71-F14278665C83}"
EndProject
Project("{FAE04EC0-301F-11D3-BF4B-00C04F79EFBC}") = "AppTemplate.Domain.Tests.Unit", "tests\unit\AppTemplate.Domain.Tests.Unit\AppTemplate.Domain.Tests.Unit.csproj", "{EB3652C8-533D-44A0-9D04-EEF911F1C2A4}"
EndProject
Project("{2150E333-8FDC-42A3-9474-1A3956D46DE8}") = "integration", "integration", "{451118E5-170F-4D70-B90C-B26D79B4C963}"
EndProject
Project("{FAE04EC0-301F-11D3-BF4B-00C04F79EFBC}") = "AppTemplate.Infrastructure.Tests.Unit", "tests\unit\AppTemplate.Infrastructure.Tests.Unit\AppTemplate.Infrastructure.Tests.Unit.csproj", "{9C6A501D-78AB-E2E1-465E-43FE16103DAF}"
EndProject
Project("{FAE04EC0-301F-11D3-BF4B-00C04F79EFBC}") = "AppTemplate.Application.Tests.Unit", "tests\unit\AppTemplate.Application.Tests.Unit\AppTemplate.Application.Tests.Unit.csproj", "{03DD49F5-09AF-4F66-AB68-F632C4538D81}"
EndProject
Project("{FAE04EC0-301F-11D3-BF4B-00C04F79EFBC}") = "AppTemplate.Application.Tests.Integration", "tests\integration\AppTemplate.Application.Tests.Integration\AppTemplate.Application.Tests.Integration.csproj", "{7FC4250E-9195-49FB-86C6-7306CA1958A5}"
EndProject
Project("{FAE04EC0-301F-11D3-BF4B-00C04F79EFBC}") = "AppTemplate.Infrastructure.Tests.Integration", "tests\integration\AppTemplate.Infrastructure.Tests.Integration\AppTemplate.Infrastructure.Tests.Integration.csproj", "{0A4FEA96-4F94-D454-B230-B587450530F8}"
EndProject
Project("{FAE04EC0-301F-11D3-BF4B-00C04F79EFBC}") = "AppTemplate.AppHost", "src\AppTemplate.AppHost\AppTemplate.AppHost.csproj", "{82810FC7-195F-4B9A-BF55-39610BC641C0}"
EndProject
Project("{FAE04EC0-301F-11D3-BF4B-00C04F79EFBC}") = "AppTemplate.ServiceDefaults", "src\AppTemplate.ServiceDefaults\AppTemplate.ServiceDefaults.csproj", "{AF848497-42E7-E5CE-1B50-ABDE4D150252}"
EndProject
Project("{FAE04EC0-301F-11D3-BF4B-00C04F79EFBC}") = "AppTemplate.Web.Tests.Unit", "tests\unit\AppTemplate.Web.Tests.Unit\AppTemplate.Web.Tests.Unit.csproj", "{B75B10B0-4B78-4A7F-9847-7C9336CFC81E}"
EndProject
Global
	GlobalSection(SolutionConfigurationPlatforms) = preSolution
		Debug|Any CPU = Debug|Any CPU
		Release|Any CPU = Release|Any CPU
	EndGlobalSection
	GlobalSection(ProjectConfigurationPlatforms) = postSolution
		{093D40C3-EF38-4E93-2141-8D4699F2D2EB}.Debug|Any CPU.ActiveCfg = Debug|Any CPU
		{093D40C3-EF38-4E93-2141-8D4699F2D2EB}.Debug|Any CPU.Build.0 = Debug|Any CPU
		{093D40C3-EF38-4E93-2141-8D4699F2D2EB}.Release|Any CPU.ActiveCfg = Release|Any CPU
		{093D40C3-EF38-4E93-2141-8D4699F2D2EB}.Release|Any CPU.Build.0 = Release|Any CPU
		{22610F1F-C89D-B94A-4222-7D4EB97EBE65}.Debug|Any CPU.ActiveCfg = Debug|Any CPU
		{22610F1F-C89D-B94A-4222-7D4EB97EBE65}.Debug|Any CPU.Build.0 = Debug|Any CPU
		{22610F1F-C89D-B94A-4222-7D4EB97EBE65}.Release|Any CPU.ActiveCfg = Release|Any CPU
		{22610F1F-C89D-B94A-4222-7D4EB97EBE65}.Release|Any CPU.Build.0 = Release|Any CPU
		{59B868C9-B1B4-1709-2324-7EA16C072AA6}.Debug|Any CPU.ActiveCfg = Debug|Any CPU
		{59B868C9-B1B4-1709-2324-7EA16C072AA6}.Debug|Any CPU.Build.0 = Debug|Any CPU
		{59B868C9-B1B4-1709-2324-7EA16C072AA6}.Release|Any CPU.ActiveCfg = Release|Any CPU
		{59B868C9-B1B4-1709-2324-7EA16C072AA6}.Release|Any CPU.Build.0 = Release|Any CPU
		{1D5646F2-7658-9368-9EAD-696E92EDE978}.Debug|Any CPU.ActiveCfg = Debug|Any CPU
		{1D5646F2-7658-9368-9EAD-696E92EDE978}.Debug|Any CPU.Build.0 = Debug|Any CPU
		{1D5646F2-7658-9368-9EAD-696E92EDE978}.Release|Any CPU.ActiveCfg = Release|Any CPU
		{1D5646F2-7658-9368-9EAD-696E92EDE978}.Release|Any CPU.Build.0 = Release|Any CPU
		{EB3652C8-533D-44A0-9D04-EEF911F1C2A4}.Debug|Any CPU.ActiveCfg = Debug|Any CPU
		{EB3652C8-533D-44A0-9D04-EEF911F1C2A4}.Debug|Any CPU.Build.0 = Debug|Any CPU
		{EB3652C8-533D-44A0-9D04-EEF911F1C2A4}.Release|Any CPU.ActiveCfg = Release|Any CPU
		{EB3652C8-533D-44A0-9D04-EEF911F1C2A4}.Release|Any CPU.Build.0 = Release|Any CPU
		{9C6A501D-78AB-E2E1-465E-43FE16103DAF}.Debug|Any CPU.ActiveCfg = Debug|Any CPU
		{9C6A501D-78AB-E2E1-465E-43FE16103DAF}.Debug|Any CPU.Build.0 = Debug|Any CPU
		{9C6A501D-78AB-E2E1-465E-43FE16103DAF}.Release|Any CPU.ActiveCfg = Release|Any CPU
		{9C6A501D-78AB-E2E1-465E-43FE16103DAF}.Release|Any CPU.Build.0 = Release|Any CPU
		{03DD49F5-09AF-4F66-AB68-F632C4538D81}.Debug|Any CPU.ActiveCfg = Debug|Any CPU
		{03DD49F5-09AF-4F66-AB68-F632C4538D81}.Debug|Any CPU.Build.0 = Debug|Any CPU
		{03DD49F5-09AF-4F66-AB68-F632C4538D81}.Release|Any CPU.ActiveCfg = Release|Any CPU
		{03DD49F5-09AF-4F66-AB68-F632C4538D81}.Release|Any CPU.Build.0 = Release|Any CPU
		{7FC4250E-9195-49FB-86C6-7306CA1958A5}.Debug|Any CPU.ActiveCfg = Debug|Any CPU
		{7FC4250E-9195-49FB-86C6-7306CA1958A5}.Debug|Any CPU.Build.0 = Debug|Any CPU
		{7FC4250E-9195-49FB-86C6-7306CA1958A5}.Release|Any CPU.ActiveCfg = Release|Any CPU
		{7FC4250E-9195-49FB-86C6-7306CA1958A5}.Release|Any CPU.Build.0 = Release|Any CPU
		{0A4FEA96-4F94-D454-B230-B587450530F8}.Debug|Any CPU.ActiveCfg = Debug|Any CPU
		{0A4FEA96-4F94-D454-B230-B587450530F8}.Debug|Any CPU.Build.0 = Debug|Any CPU
		{0A4FEA96-4F94-D454-B230-B587450530F8}.Release|Any CPU.ActiveCfg = Release|Any CPU
		{0A4FEA96-4F94-D454-B230-B587450530F8}.Release|Any CPU.Build.0 = Release|Any CPU
		{82810FC7-195F-4B9A-BF55-39610BC641C0}.Debug|Any CPU.ActiveCfg = Debug|Any CPU
		{82810FC7-195F-4B9A-BF55-39610BC641C0}.Debug|Any CPU.Build.0 = Debug|Any CPU
		{82810FC7-195F-4B9A-BF55-39610BC641C0}.Release|Any CPU.ActiveCfg = Release|Any CPU
		{82810FC7-195F-4B9A-BF55-39610BC641C0}.Release|Any CPU.Build.0 = Release|Any CPU
		{AF848497-42E7-E5CE-1B50-ABDE4D150252}.Debug|Any CPU.ActiveCfg = Debug|Any CPU
		{AF848497-42E7-E5CE-1B50-ABDE4D150252}.Debug|Any CPU.Build.0 = Debug|Any CPU
		{AF848497-42E7-E5CE-1B50-ABDE4D150252}.Release|Any CPU.ActiveCfg = Release|Any CPU
		{AF848497-42E7-E5CE-1B50-ABDE4D150252}.Release|Any CPU.Build.0 = Release|Any CPU
		{B75B10B0-4B78-4A7F-9847-7C9336CFC81E}.Debug|Any CPU.ActiveCfg = Debug|Any CPU
		{B75B10B0-4B78-4A7F-9847-7C9336CFC81E}.Debug|Any CPU.Build.0 = Debug|Any CPU
		{B75B10B0-4B78-4A7F-9847-7C9336CFC81E}.Release|Any CPU.ActiveCfg = Release|Any CPU
		{B75B10B0-4B78-4A7F-9847-7C9336CFC81E}.Release|Any CPU.Build.0 = Release|Any CPU
	EndGlobalSection
	GlobalSection(SolutionProperties) = preSolution
		HideSolutionNode = FALSE
	EndGlobalSection
	GlobalSection(NestedProjects) = preSolution
		{093D40C3-EF38-4E93-2141-8D4699F2D2EB} = {02EA681E-C7D8-13C7-8484-4AC65E1B71E8}
		{22610F1F-C89D-B94A-4222-7D4EB97EBE65} = {02EA681E-C7D8-13C7-8484-4AC65E1B71E8}
		{59B868C9-B1B4-1709-2324-7EA16C072AA6} = {02EA681E-C7D8-13C7-8484-4AC65E1B71E8}
		{1D5646F2-7658-9368-9EAD-696E92EDE978} = {02EA681E-C7D8-13C7-8484-4AC65E1B71E8}
		{5351E341-A04E-4458-9D71-F14278665C83} = {E7583D73-C9C3-40F5-8584-45FAAFB27786}
		{EB3652C8-533D-44A0-9D04-EEF911F1C2A4} = {5351E341-A04E-4458-9D71-F14278665C83}
		{451118E5-170F-4D70-B90C-B26D79B4C963} = {E7583D73-C9C3-40F5-8584-45FAAFB27786}
		{9C6A501D-78AB-E2E1-465E-43FE16103DAF} = {5351E341-A04E-4458-9D71-F14278665C83}
		{03DD49F5-09AF-4F66-AB68-F632C4538D81} = {5351E341-A04E-4458-9D71-F14278665C83}
		{7FC4250E-9195-49FB-86C6-7306CA1958A5} = {451118E5-170F-4D70-B90C-B26D79B4C963}
		{0A4FEA96-4F94-D454-B230-B587450530F8} = {451118E5-170F-4D70-B90C-B26D79B4C963}
		{B75B10B0-4B78-4A7F-9847-7C9336CFC81E} = {5351E341-A04E-4458-9D71-F14278665C83}
	EndGlobalSection
	GlobalSection(ExtensibilityGlobals) = postSolution
		SolutionGuid = {DF5A5E3C-0497-447E-8501-6462B9A4059C}
	EndGlobalSection
EndGlobal
