Microsoft Visual Studio Solution File, Format Version 12.00
# Visual Studio Version 17
VisualStudioVersion = 17.5.2.0
MinimumVisualStudioVersion = 10.0.40219.1
Project("{FAE04EC0-301F-11D3-BF4B-00C04F79EFBC}") = "EcoFind.Web", "EcoFind.Web.csproj", "{CD4B9F53-9966-E3CB-05EA-93AE335FFA54}"
EndProject
Global
	GlobalSection(SolutionConfigurationPlatforms) = preSolution
		Debug|Any CPU = Debug|Any CPU
		Release|Any CPU = Release|Any CPU
	EndGlobalSection
	GlobalSection(ProjectConfigurationPlatforms) = postSolution
		{CD4B9F53-9966-E3CB-05EA-93AE335FFA54}.Debug|Any CPU.ActiveCfg = Debug|Any CPU
		{CD4B9F53-9966-E3CB-05EA-93AE335FFA54}.Debug|Any CPU.Build.0 = Debug|Any CPU
		{CD4B9F53-9966-E3CB-05EA-93AE335FFA54}.Release|Any CPU.ActiveCfg = Release|Any CPU
		{CD4B9F53-9966-E3CB-05EA-93AE335FFA54}.Release|Any CPU.Build.0 = Release|Any CPU
	EndGlobalSection
	GlobalSection(SolutionProperties) = preSolution
		HideSolutionNode = FALSE
	EndGlobalSection
	GlobalSection(ExtensibilityGlobals) = postSolution
		SolutionGuid = {52C528C0-3136-4BA0-B8CE-0B990A670C57}
	EndGlobalSection
EndGlobal
