Microsoft Visual Studio Solution File, Format Version 12.00
# Visual Studio Version 17
VisualStudioVersion = 17.13.35818.85
MinimumVisualStudioVersion = 10.0.40219.1
Project("{2150E333-8FDC-42A3-9474-1A3956D46DE8}") = "src", "src", "{02EA681E-C7D8-13C7-8484-4AC65E1B71E8}"
EndProject
Project("{2150E333-8FDC-42A3-9474-1A3956D46DE8}") = "core", "core", "{E18BC562-C9C1-4E5C-89A6-3CEAE589B4A0}"
EndProject
Project("{FAE04EC0-301F-11D3-BF4B-00C04F79EFBC}") = "Myrtus.Clarity.Core.Application.Abstractions.Auditing", "..\core\Myrtus.Clarity.Core.Application.Abstractions.Auditing\Myrtus.Clarity.Core.Application.Abstractions.Auditing.csproj", "{C2D2E5E0-B8DC-82BD-AE01-BF194EE9CF0D}"
EndProject
Project("{FAE04EC0-301F-11D3-BF4B-00C04F79EFBC}") = "Myrtus.Clarity.Core.Application.Abstractions.Authentication", "..\core\Myrtus.Clarity.Core.Application.Abstractions.Authentication\Myrtus.Clarity.Core.Application.Abstractions.Authentication.csproj", "{9F9A3C38-99CE-D7E7-96EB-437172B06C8A}"
EndProject
Project("{FAE04EC0-301F-11D3-BF4B-00C04F79EFBC}") = "Myrtus.Clarity.Core.Application.Abstractions.Behaviours", "..\core\Myrtus.Clarity.Core.Application.Abstractions.Behaviours\Myrtus.Clarity.Core.Application.Abstractions.Behaviours.csproj", "{9ADCA817-A0D4-20C6-16CA-970A105D6ED2}"
EndProject
Project("{FAE04EC0-301F-11D3-BF4B-00C04F79EFBC}") = "Myrtus.Clarity.Core.Application.Abstractions.Caching", "..\core\Myrtus.Clarity.Core.Application.Abstractions.Caching\Myrtus.Clarity.Core.Application.Abstractions.Caching.csproj", "{F149E5F2-0E67-FE72-90C5-0E7BBE260C7E}"
EndProject
Project("{FAE04EC0-301F-11D3-BF4B-00C04F79EFBC}") = "Myrtus.Clarity.Core.Application.Abstractions.Clock", "..\core\Myrtus.Clarity.Core.Application.Abstractions.Clock\Myrtus.Clarity.Core.Application.Abstractions.Clock.csproj", "{EE18D96E-122B-1E11-C306-BF6BFDB5BFB1}"
EndProject
Project("{FAE04EC0-301F-11D3-BF4B-00C04F79EFBC}") = "Myrtus.Clarity.Core.Application.Abstractions.Data.Dapper", "..\core\Myrtus.Clarity.Core.Application.Abstractions.Data.Dapper\Myrtus.Clarity.Core.Application.Abstractions.Data.Dapper.csproj", "{78C08515-9582-D8DC-1A2C-72C8595D161C}"
EndProject
Project("{FAE04EC0-301F-11D3-BF4B-00C04F79EFBC}") = "Myrtus.Clarity.Core.Application.Abstractions.Localization", "..\core\Myrtus.Clarity.Core.Application.Abstractions.Localization\Myrtus.Clarity.Core.Application.Abstractions.Localization.csproj", "{2D4D84FB-35DD-27E5-8930-E770C16CF6F2}"
EndProject
Project("{FAE04EC0-301F-11D3-BF4B-00C04F79EFBC}") = "Myrtus.Clarity.Core.Application.Abstractions.Mailing", "..\core\Myrtus.Clarity.Core.Application.Abstractions.Mailing\Myrtus.Clarity.Core.Application.Abstractions.Mailing.csproj", "{6FE9B393-5783-6633-F31C-48B37DDC290A}"
EndProject
Project("{FAE04EC0-301F-11D3-BF4B-00C04F79EFBC}") = "Myrtus.Clarity.Core.Application.Abstractions.Messaging", "..\core\Myrtus.Clarity.Core.Application.Abstractions.Messaging\Myrtus.Clarity.Core.Application.Abstractions.Messaging.csproj", "{3AC2C856-EFCD-4BA4-AFE2-7DA6AF4BFCF7}"
EndProject
Project("{FAE04EC0-301F-11D3-BF4B-00C04F79EFBC}") = "Myrtus.Clarity.Core.Application.Abstractions.Module", "..\core\Myrtus.Clarity.Core.Application.Abstractions.Module\Myrtus.Clarity.Core.Application.Abstractions.Module.csproj", "{4C980939-0060-C508-953C-D003DDD3A23B}"
EndProject
Project("{FAE04EC0-301F-11D3-BF4B-00C04F79EFBC}") = "Myrtus.Clarity.Core.Application.Abstractions.Pagination", "..\core\Myrtus.Clarity.Core.Application.Abstractions.Pagination\Myrtus.Clarity.Core.Application.Abstractions.Pagination.csproj", "{EABAAAA2-36E3-581B-2D33-CB212718CC21}"
EndProject
Project("{FAE04EC0-301F-11D3-BF4B-00C04F79EFBC}") = "Myrtus.Clarity.Core.Application.Abstractions.Repositories", "..\core\Myrtus.Clarity.Core.Application.Abstractions.Repositories\Myrtus.Clarity.Core.Application.Abstractions.Repositories.csproj", "{5CBEA5B3-1492-506C-CD22-0687E8DBD1CC}"
EndProject
Project("{FAE04EC0-301F-11D3-BF4B-00C04F79EFBC}") = "Myrtus.Clarity.Core.Application.Exceptions", "..\core\Myrtus.Clarity.Core.Application.Exceptions\Myrtus.Clarity.Core.Application.Exceptions.csproj", "{502129DA-700E-B8BE-7090-D1A8955A63E0}"
EndProject
Project("{FAE04EC0-301F-11D3-BF4B-00C04F79EFBC}") = "Myrtus.Clarity.Core.Domain.Abstractions", "..\core\Myrtus.Clarity.Core.Domain.Abstractions\Myrtus.Clarity.Core.Domain.Abstractions.csproj", "{430E77A1-11E4-D921-446F-ECCCC83930FA}"
EndProject
Project("{FAE04EC0-301F-11D3-BF4B-00C04F79EFBC}") = "Myrtus.Clarity.Core.Infrastructure.Auditing", "..\core\Myrtus.Clarity.Core.Infrastructure.Auditing\Myrtus.Clarity.Core.Infrastructure.Auditing.csproj", "{EE8C3019-F857-23A7-9E80-1938219F0667}"
EndProject
Project("{FAE04EC0-301F-11D3-BF4B-00C04F79EFBC}") = "Myrtus.Clarity.Core.Infrastructure.Authentication.Azure", "..\core\Myrtus.Clarity.Core.Infrastructure.Authentication.Azure\Myrtus.Clarity.Core.Infrastructure.Authentication.Azure.csproj", "{B3617592-84D4-18B4-1E3B-53FDB15C96A6}"
EndProject
Project("{FAE04EC0-301F-11D3-BF4B-00C04F79EFBC}") = "Myrtus.Clarity.Core.Infrastructure.Authorization", "..\core\Myrtus.Clarity.Core.Infrastructure.Authorization\Myrtus.Clarity.Core.Infrastructure.Authorization.csproj", "{87D7D0C5-1874-651D-0566-0F8CDEC9D9CF}"
EndProject
Project("{FAE04EC0-301F-11D3-BF4B-00C04F79EFBC}") = "Myrtus.Clarity.Core.Infrastructure.Data.Dapper", "..\core\Myrtus.Clarity.Core.Infrastructure.Data.Dapper\Myrtus.Clarity.Core.Infrastructure.Data.Dapper.csproj", "{DA7904AC-FF75-EC36-D1DF-9F5872BCD848}"
EndProject
Project("{FAE04EC0-301F-11D3-BF4B-00C04F79EFBC}") = "Myrtus.Clarity.Core.Infrastructure.Clock", "..\core\Myrtus.Clarity.Core.Infrastructure.Clock\Myrtus.Clarity.Core.Infrastructure.Clock.csproj", "{85A11688-C4B2-3C58-8B48-03872BF99076}"
EndProject
Project("{FAE04EC0-301F-11D3-BF4B-00C04F79EFBC}") = "Myrtus.Clarity.Core.Infrastructure.DynamicQuery", "..\core\Myrtus.Clarity.Core.Infrastructure.DynamicQuery\Myrtus.Clarity.Core.Infrastructure.DynamicQuery.csproj", "{8FC7D65F-F073-A759-DDDA-0025F5BD2073}"
EndProject
Project("{FAE04EC0-301F-11D3-BF4B-00C04F79EFBC}") = "Myrtus.Clarity.Core.Infrastructure.Localization", "..\core\Myrtus.Clarity.Core.Infrastructure.Localization\Myrtus.Clarity.Core.Infrastructure.Localization.csproj", "{4B565020-C8DD-59D9-0D8B-8987F54E8822}"
EndProject
Project("{FAE04EC0-301F-11D3-BF4B-00C04F79EFBC}") = "Myrtus.Clarity.Core.Infrastructure.Mailing.MailKit", "..\core\Myrtus.Clarity.Core.Infrastructure.Mailing.MailKit\Myrtus.Clarity.Core.Infrastructure.Mailing.MailKit.csproj", "{2594BBDE-864F-FA70-6461-33E3AE7F79AC}"
EndProject
Project("{FAE04EC0-301F-11D3-BF4B-00C04F79EFBC}") = "Myrtus.Clarity.Core.Infrastructure.Outbox", "..\core\Myrtus.Clarity.Core.Infrastructure.Outbox\Myrtus.Clarity.Core.Infrastructure.Outbox.csproj", "{98AE78EA-7699-0B75-6928-BD7C042795AD}"
EndProject
Project("{FAE04EC0-301F-11D3-BF4B-00C04F79EFBC}") = "Myrtus.Clarity.Core.Infrastructure.Pagination", "..\core\Myrtus.Clarity.Core.Infrastructure.Pagination\Myrtus.Clarity.Core.Infrastructure.Pagination.csproj", "{AE216B0C-CFEA-397E-BFB5-40AE9743976C}"
EndProject
Project("{FAE04EC0-301F-11D3-BF4B-00C04F79EFBC}") = "Myrtus.Clarity.Core.Infrastructure.Repositories", "..\core\Myrtus.Clarity.Core.Infrastructure.Repositories\Myrtus.Clarity.Core.Infrastructure.Repositories.csproj", "{549E27C8-268D-6CB4-937D-412ADF089C33}"
EndProject
Project("{FAE04EC0-301F-11D3-BF4B-00C04F79EFBC}") = "Myrtus.Clarity.Core.Infrastructure.SignalR", "..\core\Myrtus.Clarity.Core.Infrastructure.SignalR\Myrtus.Clarity.Core.Infrastructure.SignalR.csproj", "{9A684CC3-DA4D-9A26-1A1A-96ECFF220B4F}"
EndProject
Project("{FAE04EC0-301F-11D3-BF4B-00C04F79EFBC}") = "Myrtus.Clarity.Core.WebApi", "..\core\Myrtus.Clarity.Core.WebApi\Myrtus.Clarity.Core.WebApi.csproj", "{780DB2DF-E4BB-F6DE-18F5-C160FE3425DB}"
EndProject
Project("{FAE04EC0-301F-11D3-BF4B-00C04F79EFBC}") = "Myrtus.Clarity.Core.Infrastructure.Caching", "..\core\Myrtus.Clarity.Core.Infrastructure.Caching\Myrtus.Clarity.Core.Infrastructure.Caching.csproj", "{C2866876-6BE4-3F64-CF81-9F9F3D6573FC}"
EndProject
Project("{FAE04EC0-301F-11D3-BF4B-00C04F79EFBC}") = "Myrtus.Clarity.Core.Application.Abstractions.Notification", "..\core\Myrtus.Clarity.Core.Application.Abstractions.Notification\Myrtus.Clarity.Core.Application.Abstractions.Notification.csproj", "{FDB84788-CAA0-7899-C1D9-15119E839CF5}"
EndProject
Project("{2150E333-8FDC-42A3-9474-1A3956D46DE8}") = "Solution Items", "Solution Items", "{1228850D-ACAF-4AC8-8D8D-EAA572FDA42E}"
	ProjectSection(SolutionItems) = preProject
		..\.gitignore = ..\.gitignore
		..\.gitmodules = ..\.gitmodules
	EndProjectSection
EndProject
Project("{FAE04EC0-301F-11D3-BF4B-00C04F79EFBC}") = "AppTemplate.Application", "AppTemplate.Application\AppTemplate.Application.csproj", "{81383DD2-FBD3-5931-9914-5F985FE59D21}"
EndProject
Project("{FAE04EC0-301F-11D3-BF4B-00C04F79EFBC}") = "AppTemplate.Domain", "AppTemplate.Domain\AppTemplate.Domain.csproj", "{00D0F320-E464-DA93-6966-0307B3C3ECFB}"
EndProject
Project("{FAE04EC0-301F-11D3-BF4B-00C04F79EFBC}") = "AppTemplate.Infrastructure", "AppTemplate.Infrastructure\AppTemplate.Infrastructure.csproj", "{13D6E180-6EA2-5879-B108-02D11140BF69}"
EndProject
Project("{FAE04EC0-301F-11D3-BF4B-00C04F79EFBC}") = "AppTemplate.Web", "AppTemplate.Web\AppTemplate.Web.csproj", "{CA07950F-4C87-73A7-3762-FC62504BDD9C}"
EndProject
Global
	GlobalSection(SolutionConfigurationPlatforms) = preSolution
		Debug|Any CPU = Debug|Any CPU
		Release|Any CPU = Release|Any CPU
	EndGlobalSection
	GlobalSection(ProjectConfigurationPlatforms) = postSolution
		{C2D2E5E0-B8DC-82BD-AE01-BF194EE9CF0D}.Debug|Any CPU.ActiveCfg = Debug|Any CPU
		{C2D2E5E0-B8DC-82BD-AE01-BF194EE9CF0D}.Debug|Any CPU.Build.0 = Debug|Any CPU
		{C2D2E5E0-B8DC-82BD-AE01-BF194EE9CF0D}.Release|Any CPU.ActiveCfg = Release|Any CPU
		{C2D2E5E0-B8DC-82BD-AE01-BF194EE9CF0D}.Release|Any CPU.Build.0 = Release|Any CPU
		{9F9A3C38-99CE-D7E7-96EB-437172B06C8A}.Debug|Any CPU.ActiveCfg = Debug|Any CPU
		{9F9A3C38-99CE-D7E7-96EB-437172B06C8A}.Debug|Any CPU.Build.0 = Debug|Any CPU
		{9F9A3C38-99CE-D7E7-96EB-437172B06C8A}.Release|Any CPU.ActiveCfg = Release|Any CPU
		{9F9A3C38-99CE-D7E7-96EB-437172B06C8A}.Release|Any CPU.Build.0 = Release|Any CPU
		{9ADCA817-A0D4-20C6-16CA-970A105D6ED2}.Debug|Any CPU.ActiveCfg = Debug|Any CPU
		{9ADCA817-A0D4-20C6-16CA-970A105D6ED2}.Debug|Any CPU.Build.0 = Debug|Any CPU
		{9ADCA817-A0D4-20C6-16CA-970A105D6ED2}.Release|Any CPU.ActiveCfg = Release|Any CPU
		{9ADCA817-A0D4-20C6-16CA-970A105D6ED2}.Release|Any CPU.Build.0 = Release|Any CPU
		{F149E5F2-0E67-FE72-90C5-0E7BBE260C7E}.Debug|Any CPU.ActiveCfg = Debug|Any CPU
		{F149E5F2-0E67-FE72-90C5-0E7BBE260C7E}.Debug|Any CPU.Build.0 = Debug|Any CPU
		{F149E5F2-0E67-FE72-90C5-0E7BBE260C7E}.Release|Any CPU.ActiveCfg = Release|Any CPU
		{F149E5F2-0E67-FE72-90C5-0E7BBE260C7E}.Release|Any CPU.Build.0 = Release|Any CPU
		{EE18D96E-122B-1E11-C306-BF6BFDB5BFB1}.Debug|Any CPU.ActiveCfg = Debug|Any CPU
		{EE18D96E-122B-1E11-C306-BF6BFDB5BFB1}.Debug|Any CPU.Build.0 = Debug|Any CPU
		{EE18D96E-122B-1E11-C306-BF6BFDB5BFB1}.Release|Any CPU.ActiveCfg = Release|Any CPU
		{EE18D96E-122B-1E11-C306-BF6BFDB5BFB1}.Release|Any CPU.Build.0 = Release|Any CPU
		{78C08515-9582-D8DC-1A2C-72C8595D161C}.Debug|Any CPU.ActiveCfg = Debug|Any CPU
		{78C08515-9582-D8DC-1A2C-72C8595D161C}.Debug|Any CPU.Build.0 = Debug|Any CPU
		{78C08515-9582-D8DC-1A2C-72C8595D161C}.Release|Any CPU.ActiveCfg = Release|Any CPU
		{78C08515-9582-D8DC-1A2C-72C8595D161C}.Release|Any CPU.Build.0 = Release|Any CPU
		{2D4D84FB-35DD-27E5-8930-E770C16CF6F2}.Debug|Any CPU.ActiveCfg = Debug|Any CPU
		{2D4D84FB-35DD-27E5-8930-E770C16CF6F2}.Debug|Any CPU.Build.0 = Debug|Any CPU
		{2D4D84FB-35DD-27E5-8930-E770C16CF6F2}.Release|Any CPU.ActiveCfg = Release|Any CPU
		{2D4D84FB-35DD-27E5-8930-E770C16CF6F2}.Release|Any CPU.Build.0 = Release|Any CPU
		{6FE9B393-5783-6633-F31C-48B37DDC290A}.Debug|Any CPU.ActiveCfg = Debug|Any CPU
		{6FE9B393-5783-6633-F31C-48B37DDC290A}.Debug|Any CPU.Build.0 = Debug|Any CPU
		{6FE9B393-5783-6633-F31C-48B37DDC290A}.Release|Any CPU.ActiveCfg = Release|Any CPU
		{6FE9B393-5783-6633-F31C-48B37DDC290A}.Release|Any CPU.Build.0 = Release|Any CPU
		{3AC2C856-EFCD-4BA4-AFE2-7DA6AF4BFCF7}.Debug|Any CPU.ActiveCfg = Debug|Any CPU
		{3AC2C856-EFCD-4BA4-AFE2-7DA6AF4BFCF7}.Debug|Any CPU.Build.0 = Debug|Any CPU
		{3AC2C856-EFCD-4BA4-AFE2-7DA6AF4BFCF7}.Release|Any CPU.ActiveCfg = Release|Any CPU
		{3AC2C856-EFCD-4BA4-AFE2-7DA6AF4BFCF7}.Release|Any CPU.Build.0 = Release|Any CPU
		{4C980939-0060-C508-953C-D003DDD3A23B}.Debug|Any CPU.ActiveCfg = Debug|Any CPU
		{4C980939-0060-C508-953C-D003DDD3A23B}.Debug|Any CPU.Build.0 = Debug|Any CPU
		{4C980939-0060-C508-953C-D003DDD3A23B}.Release|Any CPU.ActiveCfg = Release|Any CPU
		{4C980939-0060-C508-953C-D003DDD3A23B}.Release|Any CPU.Build.0 = Release|Any CPU
		{EABAAAA2-36E3-581B-2D33-CB212718CC21}.Debug|Any CPU.ActiveCfg = Debug|Any CPU
		{EABAAAA2-36E3-581B-2D33-CB212718CC21}.Debug|Any CPU.Build.0 = Debug|Any CPU
		{EABAAAA2-36E3-581B-2D33-CB212718CC21}.Release|Any CPU.ActiveCfg = Release|Any CPU
		{EABAAAA2-36E3-581B-2D33-CB212718CC21}.Release|Any CPU.Build.0 = Release|Any CPU
		{5CBEA5B3-1492-506C-CD22-0687E8DBD1CC}.Debug|Any CPU.ActiveCfg = Debug|Any CPU
		{5CBEA5B3-1492-506C-CD22-0687E8DBD1CC}.Debug|Any CPU.Build.0 = Debug|Any CPU
		{5CBEA5B3-1492-506C-CD22-0687E8DBD1CC}.Release|Any CPU.ActiveCfg = Release|Any CPU
		{5CBEA5B3-1492-506C-CD22-0687E8DBD1CC}.Release|Any CPU.Build.0 = Release|Any CPU
		{502129DA-700E-B8BE-7090-D1A8955A63E0}.Debug|Any CPU.ActiveCfg = Debug|Any CPU
		{502129DA-700E-B8BE-7090-D1A8955A63E0}.Debug|Any CPU.Build.0 = Debug|Any CPU
		{502129DA-700E-B8BE-7090-D1A8955A63E0}.Release|Any CPU.ActiveCfg = Release|Any CPU
		{502129DA-700E-B8BE-7090-D1A8955A63E0}.Release|Any CPU.Build.0 = Release|Any CPU
		{430E77A1-11E4-D921-446F-ECCCC83930FA}.Debug|Any CPU.ActiveCfg = Debug|Any CPU
		{430E77A1-11E4-D921-446F-ECCCC83930FA}.Debug|Any CPU.Build.0 = Debug|Any CPU
		{430E77A1-11E4-D921-446F-ECCCC83930FA}.Release|Any CPU.ActiveCfg = Release|Any CPU
		{430E77A1-11E4-D921-446F-ECCCC83930FA}.Release|Any CPU.Build.0 = Release|Any CPU
		{EE8C3019-F857-23A7-9E80-1938219F0667}.Debug|Any CPU.ActiveCfg = Debug|Any CPU
		{EE8C3019-F857-23A7-9E80-1938219F0667}.Debug|Any CPU.Build.0 = Debug|Any CPU
		{EE8C3019-F857-23A7-9E80-1938219F0667}.Release|Any CPU.ActiveCfg = Release|Any CPU
		{EE8C3019-F857-23A7-9E80-1938219F0667}.Release|Any CPU.Build.0 = Release|Any CPU
		{B3617592-84D4-18B4-1E3B-53FDB15C96A6}.Debug|Any CPU.ActiveCfg = Debug|Any CPU
		{B3617592-84D4-18B4-1E3B-53FDB15C96A6}.Debug|Any CPU.Build.0 = Debug|Any CPU
		{B3617592-84D4-18B4-1E3B-53FDB15C96A6}.Release|Any CPU.ActiveCfg = Release|Any CPU
		{B3617592-84D4-18B4-1E3B-53FDB15C96A6}.Release|Any CPU.Build.0 = Release|Any CPU
		{87D7D0C5-1874-651D-0566-0F8CDEC9D9CF}.Debug|Any CPU.ActiveCfg = Debug|Any CPU
		{87D7D0C5-1874-651D-0566-0F8CDEC9D9CF}.Debug|Any CPU.Build.0 = Debug|Any CPU
		{87D7D0C5-1874-651D-0566-0F8CDEC9D9CF}.Release|Any CPU.ActiveCfg = Release|Any CPU
		{87D7D0C5-1874-651D-0566-0F8CDEC9D9CF}.Release|Any CPU.Build.0 = Release|Any CPU
		{DA7904AC-FF75-EC36-D1DF-9F5872BCD848}.Debug|Any CPU.ActiveCfg = Debug|Any CPU
		{DA7904AC-FF75-EC36-D1DF-9F5872BCD848}.Debug|Any CPU.Build.0 = Debug|Any CPU
		{DA7904AC-FF75-EC36-D1DF-9F5872BCD848}.Release|Any CPU.ActiveCfg = Release|Any CPU
		{DA7904AC-FF75-EC36-D1DF-9F5872BCD848}.Release|Any CPU.Build.0 = Release|Any CPU
		{85A11688-C4B2-3C58-8B48-03872BF99076}.Debug|Any CPU.ActiveCfg = Debug|Any CPU
		{85A11688-C4B2-3C58-8B48-03872BF99076}.Debug|Any CPU.Build.0 = Debug|Any CPU
		{85A11688-C4B2-3C58-8B48-03872BF99076}.Release|Any CPU.ActiveCfg = Release|Any CPU
		{85A11688-C4B2-3C58-8B48-03872BF99076}.Release|Any CPU.Build.0 = Release|Any CPU
		{8FC7D65F-F073-A759-DDDA-0025F5BD2073}.Debug|Any CPU.ActiveCfg = Debug|Any CPU
		{8FC7D65F-F073-A759-DDDA-0025F5BD2073}.Debug|Any CPU.Build.0 = Debug|Any CPU
		{8FC7D65F-F073-A759-DDDA-0025F5BD2073}.Release|Any CPU.ActiveCfg = Release|Any CPU
		{8FC7D65F-F073-A759-DDDA-0025F5BD2073}.Release|Any CPU.Build.0 = Release|Any CPU
		{4B565020-C8DD-59D9-0D8B-8987F54E8822}.Debug|Any CPU.ActiveCfg = Debug|Any CPU
		{4B565020-C8DD-59D9-0D8B-8987F54E8822}.Debug|Any CPU.Build.0 = Debug|Any CPU
		{4B565020-C8DD-59D9-0D8B-8987F54E8822}.Release|Any CPU.ActiveCfg = Release|Any CPU
		{4B565020-C8DD-59D9-0D8B-8987F54E8822}.Release|Any CPU.Build.0 = Release|Any CPU
		{2594BBDE-864F-FA70-6461-33E3AE7F79AC}.Debug|Any CPU.ActiveCfg = Debug|Any CPU
		{2594BBDE-864F-FA70-6461-33E3AE7F79AC}.Debug|Any CPU.Build.0 = Debug|Any CPU
		{2594BBDE-864F-FA70-6461-33E3AE7F79AC}.Release|Any CPU.ActiveCfg = Release|Any CPU
		{2594BBDE-864F-FA70-6461-33E3AE7F79AC}.Release|Any CPU.Build.0 = Release|Any CPU
		{98AE78EA-7699-0B75-6928-BD7C042795AD}.Debug|Any CPU.ActiveCfg = Debug|Any CPU
		{98AE78EA-7699-0B75-6928-BD7C042795AD}.Debug|Any CPU.Build.0 = Debug|Any CPU
		{98AE78EA-7699-0B75-6928-BD7C042795AD}.Release|Any CPU.ActiveCfg = Release|Any CPU
		{98AE78EA-7699-0B75-6928-BD7C042795AD}.Release|Any CPU.Build.0 = Release|Any CPU
		{AE216B0C-CFEA-397E-BFB5-40AE9743976C}.Debug|Any CPU.ActiveCfg = Debug|Any CPU
		{AE216B0C-CFEA-397E-BFB5-40AE9743976C}.Debug|Any CPU.Build.0 = Debug|Any CPU
		{AE216B0C-CFEA-397E-BFB5-40AE9743976C}.Release|Any CPU.ActiveCfg = Release|Any CPU
		{AE216B0C-CFEA-397E-BFB5-40AE9743976C}.Release|Any CPU.Build.0 = Release|Any CPU
		{549E27C8-268D-6CB4-937D-412ADF089C33}.Debug|Any CPU.ActiveCfg = Debug|Any CPU
		{549E27C8-268D-6CB4-937D-412ADF089C33}.Debug|Any CPU.Build.0 = Debug|Any CPU
		{549E27C8-268D-6CB4-937D-412ADF089C33}.Release|Any CPU.ActiveCfg = Release|Any CPU
		{549E27C8-268D-6CB4-937D-412ADF089C33}.Release|Any CPU.Build.0 = Release|Any CPU
		{9A684CC3-DA4D-9A26-1A1A-96ECFF220B4F}.Debug|Any CPU.ActiveCfg = Debug|Any CPU
		{9A684CC3-DA4D-9A26-1A1A-96ECFF220B4F}.Debug|Any CPU.Build.0 = Debug|Any CPU
		{9A684CC3-DA4D-9A26-1A1A-96ECFF220B4F}.Release|Any CPU.ActiveCfg = Release|Any CPU
		{9A684CC3-DA4D-9A26-1A1A-96ECFF220B4F}.Release|Any CPU.Build.0 = Release|Any CPU
		{780DB2DF-E4BB-F6DE-18F5-C160FE3425DB}.Debug|Any CPU.ActiveCfg = Debug|Any CPU
		{780DB2DF-E4BB-F6DE-18F5-C160FE3425DB}.Debug|Any CPU.Build.0 = Debug|Any CPU
		{780DB2DF-E4BB-F6DE-18F5-C160FE3425DB}.Release|Any CPU.ActiveCfg = Release|Any CPU
		{780DB2DF-E4BB-F6DE-18F5-C160FE3425DB}.Release|Any CPU.Build.0 = Release|Any CPU
		{C2866876-6BE4-3F64-CF81-9F9F3D6573FC}.Debug|Any CPU.ActiveCfg = Debug|Any CPU
		{C2866876-6BE4-3F64-CF81-9F9F3D6573FC}.Debug|Any CPU.Build.0 = Debug|Any CPU
		{C2866876-6BE4-3F64-CF81-9F9F3D6573FC}.Release|Any CPU.ActiveCfg = Release|Any CPU
		{C2866876-6BE4-3F64-CF81-9F9F3D6573FC}.Release|Any CPU.Build.0 = Release|Any CPU
		{FDB84788-CAA0-7899-C1D9-15119E839CF5}.Debug|Any CPU.ActiveCfg = Debug|Any CPU
		{FDB84788-CAA0-7899-C1D9-15119E839CF5}.Debug|Any CPU.Build.0 = Debug|Any CPU
		{FDB84788-CAA0-7899-C1D9-15119E839CF5}.Release|Any CPU.ActiveCfg = Release|Any CPU
		{FDB84788-CAA0-7899-C1D9-15119E839CF5}.Release|Any CPU.Build.0 = Release|Any CPU
		{81383DD2-FBD3-5931-9914-5F985FE59D21}.Debug|Any CPU.ActiveCfg = Debug|Any CPU
		{81383DD2-FBD3-5931-9914-5F985FE59D21}.Debug|Any CPU.Build.0 = Debug|Any CPU
		{81383DD2-FBD3-5931-9914-5F985FE59D21}.Release|Any CPU.ActiveCfg = Release|Any CPU
		{81383DD2-FBD3-5931-9914-5F985FE59D21}.Release|Any CPU.Build.0 = Release|Any CPU
		{00D0F320-E464-DA93-6966-0307B3C3ECFB}.Debug|Any CPU.ActiveCfg = Debug|Any CPU
		{00D0F320-E464-DA93-6966-0307B3C3ECFB}.Debug|Any CPU.Build.0 = Debug|Any CPU
		{00D0F320-E464-DA93-6966-0307B3C3ECFB}.Release|Any CPU.ActiveCfg = Release|Any CPU
		{00D0F320-E464-DA93-6966-0307B3C3ECFB}.Release|Any CPU.Build.0 = Release|Any CPU
		{13D6E180-6EA2-5879-B108-02D11140BF69}.Debug|Any CPU.ActiveCfg = Debug|Any CPU
		{13D6E180-6EA2-5879-B108-02D11140BF69}.Debug|Any CPU.Build.0 = Debug|Any CPU
		{13D6E180-6EA2-5879-B108-02D11140BF69}.Release|Any CPU.ActiveCfg = Release|Any CPU
		{13D6E180-6EA2-5879-B108-02D11140BF69}.Release|Any CPU.Build.0 = Release|Any CPU
		{CA07950F-4C87-73A7-3762-FC62504BDD9C}.Debug|Any CPU.ActiveCfg = Debug|Any CPU
		{CA07950F-4C87-73A7-3762-FC62504BDD9C}.Debug|Any CPU.Build.0 = Debug|Any CPU
		{CA07950F-4C87-73A7-3762-FC62504BDD9C}.Release|Any CPU.ActiveCfg = Release|Any CPU
		{CA07950F-4C87-73A7-3762-FC62504BDD9C}.Release|Any CPU.Build.0 = Release|Any CPU
	EndGlobalSection
	GlobalSection(SolutionProperties) = preSolution
		HideSolutionNode = FALSE
	EndGlobalSection
	GlobalSection(NestedProjects) = preSolution
		{C2D2E5E0-B8DC-82BD-AE01-BF194EE9CF0D} = {E18BC562-C9C1-4E5C-89A6-3CEAE589B4A0}
		{9F9A3C38-99CE-D7E7-96EB-437172B06C8A} = {E18BC562-C9C1-4E5C-89A6-3CEAE589B4A0}
		{9ADCA817-A0D4-20C6-16CA-970A105D6ED2} = {E18BC562-C9C1-4E5C-89A6-3CEAE589B4A0}
		{F149E5F2-0E67-FE72-90C5-0E7BBE260C7E} = {E18BC562-C9C1-4E5C-89A6-3CEAE589B4A0}
		{EE18D96E-122B-1E11-C306-BF6BFDB5BFB1} = {E18BC562-C9C1-4E5C-89A6-3CEAE589B4A0}
		{78C08515-9582-D8DC-1A2C-72C8595D161C} = {E18BC562-C9C1-4E5C-89A6-3CEAE589B4A0}
		{2D4D84FB-35DD-27E5-8930-E770C16CF6F2} = {E18BC562-C9C1-4E5C-89A6-3CEAE589B4A0}
		{6FE9B393-5783-6633-F31C-48B37DDC290A} = {E18BC562-C9C1-4E5C-89A6-3CEAE589B4A0}
		{3AC2C856-EFCD-4BA4-AFE2-7DA6AF4BFCF7} = {E18BC562-C9C1-4E5C-89A6-3CEAE589B4A0}
		{4C980939-0060-C508-953C-D003DDD3A23B} = {E18BC562-C9C1-4E5C-89A6-3CEAE589B4A0}
		{EABAAAA2-36E3-581B-2D33-CB212718CC21} = {E18BC562-C9C1-4E5C-89A6-3CEAE589B4A0}
		{5CBEA5B3-1492-506C-CD22-0687E8DBD1CC} = {E18BC562-C9C1-4E5C-89A6-3CEAE589B4A0}
		{502129DA-700E-B8BE-7090-D1A8955A63E0} = {E18BC562-C9C1-4E5C-89A6-3CEAE589B4A0}
		{430E77A1-11E4-D921-446F-ECCCC83930FA} = {E18BC562-C9C1-4E5C-89A6-3CEAE589B4A0}
		{EE8C3019-F857-23A7-9E80-1938219F0667} = {E18BC562-C9C1-4E5C-89A6-3CEAE589B4A0}
		{B3617592-84D4-18B4-1E3B-53FDB15C96A6} = {E18BC562-C9C1-4E5C-89A6-3CEAE589B4A0}
		{87D7D0C5-1874-651D-0566-0F8CDEC9D9CF} = {E18BC562-C9C1-4E5C-89A6-3CEAE589B4A0}
		{DA7904AC-FF75-EC36-D1DF-9F5872BCD848} = {E18BC562-C9C1-4E5C-89A6-3CEAE589B4A0}
		{85A11688-C4B2-3C58-8B48-03872BF99076} = {E18BC562-C9C1-4E5C-89A6-3CEAE589B4A0}
		{8FC7D65F-F073-A759-DDDA-0025F5BD2073} = {E18BC562-C9C1-4E5C-89A6-3CEAE589B4A0}
		{4B565020-C8DD-59D9-0D8B-8987F54E8822} = {E18BC562-C9C1-4E5C-89A6-3CEAE589B4A0}
		{2594BBDE-864F-FA70-6461-33E3AE7F79AC} = {E18BC562-C9C1-4E5C-89A6-3CEAE589B4A0}
		{98AE78EA-7699-0B75-6928-BD7C042795AD} = {E18BC562-C9C1-4E5C-89A6-3CEAE589B4A0}
		{AE216B0C-CFEA-397E-BFB5-40AE9743976C} = {E18BC562-C9C1-4E5C-89A6-3CEAE589B4A0}
		{549E27C8-268D-6CB4-937D-412ADF089C33} = {E18BC562-C9C1-4E5C-89A6-3CEAE589B4A0}
		{9A684CC3-DA4D-9A26-1A1A-96ECFF220B4F} = {E18BC562-C9C1-4E5C-89A6-3CEAE589B4A0}
		{780DB2DF-E4BB-F6DE-18F5-C160FE3425DB} = {E18BC562-C9C1-4E5C-89A6-3CEAE589B4A0}
		{C2866876-6BE4-3F64-CF81-9F9F3D6573FC} = {E18BC562-C9C1-4E5C-89A6-3CEAE589B4A0}
		{FDB84788-CAA0-7899-C1D9-15119E839CF5} = {E18BC562-C9C1-4E5C-89A6-3CEAE589B4A0}
		{81383DD2-FBD3-5931-9914-5F985FE59D21} = {02EA681E-C7D8-13C7-8484-4AC65E1B71E8}
		{00D0F320-E464-DA93-6966-0307B3C3ECFB} = {02EA681E-C7D8-13C7-8484-4AC65E1B71E8}
		{13D6E180-6EA2-5879-B108-02D11140BF69} = {02EA681E-C7D8-13C7-8484-4AC65E1B71E8}
		{CA07950F-4C87-73A7-3762-FC62504BDD9C} = {02EA681E-C7D8-13C7-8484-4AC65E1B71E8}
	EndGlobalSection
	GlobalSection(ExtensibilityGlobals) = postSolution
		SolutionGuid = {DF5A5E3C-0497-447E-8501-6462B9A4059C}
	EndGlobalSection
EndGlobal
